
Microsoft Visual Studio Solution File, Format Version 12.00
# Visual Studio Version 16
VisualStudioVersion = 16.0.29613.14
MinimumVisualStudioVersion = 15.0.26124.0
Project("{9A19103F-16F7-4668-BE54-9A1E7A4F7556}") = "SorteadorAmigoOculto.API", "SorteadorAmigoOculto.API\SorteadorAmigoOculto.API.csproj", "{21DE647A-85C9-44C9-91ED-43B8090FD3C5}"
EndProject
Project("{9A19103F-16F7-4668-BE54-9A1E7A4F7556}") = "SorteadorAmigoOculto.Tests", "SorteadorAmigoOculto.Tests\SorteadorAmigoOculto.Tests.csproj", "{F832044E-9084-45C6-901F-B059ECEED6FB}"
EndProject
Project("{9A19103F-16F7-4668-BE54-9A1E7A4F7556}") = "SorteadorAmigoOculto.ConsoleApp", "SorteadorAmigoOculto.ConsoleApp\SorteadorAmigoOculto.ConsoleApp.csproj", "{2A35DAF1-73AC-49D9-84BD-76C2C17433ED}"
EndProject
Project("{2150E333-8FDC-42A3-9474-1A3956D46DE8}") = "Web", "Web", "{53FF2BFB-B168-436B-A6E0-A826DB573228}"
EndProject
Global
	GlobalSection(SolutionConfigurationPlatforms) = preSolution
		Debug|Any CPU = Debug|Any CPU
		Debug|x64 = Debug|x64
		Debug|x86 = Debug|x86
		Release|Any CPU = Release|Any CPU
		Release|x64 = Release|x64
		Release|x86 = Release|x86
	EndGlobalSection
	GlobalSection(ProjectConfigurationPlatforms) = postSolution
		{21DE647A-85C9-44C9-91ED-43B8090FD3C5}.Debug|Any CPU.ActiveCfg = Debug|Any CPU
		{21DE647A-85C9-44C9-91ED-43B8090FD3C5}.Debug|Any CPU.Build.0 = Debug|Any CPU
		{21DE647A-85C9-44C9-91ED-43B8090FD3C5}.Debug|x64.ActiveCfg = Debug|Any CPU
		{21DE647A-85C9-44C9-91ED-43B8090FD3C5}.Debug|x64.Build.0 = Debug|Any CPU
		{21DE647A-85C9-44C9-91ED-43B8090FD3C5}.Debug|x86.ActiveCfg = Debug|Any CPU
		{21DE647A-85C9-44C9-91ED-43B8090FD3C5}.Debug|x86.Build.0 = Debug|Any CPU
		{21DE647A-85C9-44C9-91ED-43B8090FD3C5}.Release|Any CPU.ActiveCfg = Release|Any CPU
		{21DE647A-85C9-44C9-91ED-43B8090FD3C5}.Release|Any CPU.Build.0 = Release|Any CPU
		{21DE647A-85C9-44C9-91ED-43B8090FD3C5}.Release|x64.ActiveCfg = Release|Any CPU
		{21DE647A-85C9-44C9-91ED-43B8090FD3C5}.Release|x64.Build.0 = Release|Any CPU
		{21DE647A-85C9-44C9-91ED-43B8090FD3C5}.Release|x86.ActiveCfg = Release|Any CPU
		{21DE647A-85C9-44C9-91ED-43B8090FD3C5}.Release|x86.Build.0 = Release|Any CPU
		{F832044E-9084-45C6-901F-B059ECEED6FB}.Debug|Any CPU.ActiveCfg = Debug|Any CPU
		{F832044E-9084-45C6-901F-B059ECEED6FB}.Debug|Any CPU.Build.0 = Debug|Any CPU
		{F832044E-9084-45C6-901F-B059ECEED6FB}.Debug|x64.ActiveCfg = Debug|Any CPU
		{F832044E-9084-45C6-901F-B059ECEED6FB}.Debug|x64.Build.0 = Debug|Any CPU
		{F832044E-9084-45C6-901F-B059ECEED6FB}.Debug|x86.ActiveCfg = Debug|Any CPU
		{F832044E-9084-45C6-901F-B059ECEED6FB}.Debug|x86.Build.0 = Debug|Any CPU
		{F832044E-9084-45C6-901F-B059ECEED6FB}.Release|Any CPU.ActiveCfg = Release|Any CPU
		{F832044E-9084-45C6-901F-B059ECEED6FB}.Release|Any CPU.Build.0 = Release|Any CPU
		{F832044E-9084-45C6-901F-B059ECEED6FB}.Release|x64.ActiveCfg = Release|Any CPU
		{F832044E-9084-45C6-901F-B059ECEED6FB}.Release|x64.Build.0 = Release|Any CPU
		{F832044E-9084-45C6-901F-B059ECEED6FB}.Release|x86.ActiveCfg = Release|Any CPU
		{F832044E-9084-45C6-901F-B059ECEED6FB}.Release|x86.Build.0 = Release|Any CPU
		{2A35DAF1-73AC-49D9-84BD-76C2C17433ED}.Debug|Any CPU.ActiveCfg = Debug|Any CPU
		{2A35DAF1-73AC-49D9-84BD-76C2C17433ED}.Debug|Any CPU.Build.0 = Debug|Any CPU
		{2A35DAF1-73AC-49D9-84BD-76C2C17433ED}.Debug|x64.ActiveCfg = Debug|Any CPU
		{2A35DAF1-73AC-49D9-84BD-76C2C17433ED}.Debug|x64.Build.0 = Debug|Any CPU
		{2A35DAF1-73AC-49D9-84BD-76C2C17433ED}.Debug|x86.ActiveCfg = Debug|Any CPU
		{2A35DAF1-73AC-49D9-84BD-76C2C17433ED}.Debug|x86.Build.0 = Debug|Any CPU
		{2A35DAF1-73AC-49D9-84BD-76C2C17433ED}.Release|Any CPU.ActiveCfg = Release|Any CPU
		{2A35DAF1-73AC-49D9-84BD-76C2C17433ED}.Release|Any CPU.Build.0 = Release|Any CPU
		{2A35DAF1-73AC-49D9-84BD-76C2C17433ED}.Release|x64.ActiveCfg = Release|Any CPU
		{2A35DAF1-73AC-49D9-84BD-76C2C17433ED}.Release|x64.Build.0 = Release|Any CPU
		{2A35DAF1-73AC-49D9-84BD-76C2C17433ED}.Release|x86.ActiveCfg = Release|Any CPU
		{2A35DAF1-73AC-49D9-84BD-76C2C17433ED}.Release|x86.Build.0 = Release|Any CPU
	EndGlobalSection
	GlobalSection(SolutionProperties) = preSolution
		HideSolutionNode = FALSE
	EndGlobalSection
	GlobalSection(NestedProjects) = preSolution
		{21DE647A-85C9-44C9-91ED-43B8090FD3C5} = {53FF2BFB-B168-436B-A6E0-A826DB573228}
		{F832044E-9084-45C6-901F-B059ECEED6FB} = {53FF2BFB-B168-436B-A6E0-A826DB573228}
	EndGlobalSection
	GlobalSection(ExtensibilityGlobals) = postSolution
		SolutionGuid = {B3DD1424-3CEA-4C22-BF82-68CC997532D4}
	EndGlobalSection
EndGlobal
