
Microsoft Visual Studio Solution File, Format Version 12.00
# Visual Studio 15
VisualStudioVersion = 15.0.26124.0
MinimumVisualStudioVersion = 15.0.26124.0
Project("{FAE04EC0-301F-11D3-BF4B-00C04F79EFBC}") = "SorteadorAmigoOculto.Configuration", "SorteadorAmigoOculto.Configuration\SorteadorAmigoOculto.Configuration.csproj", "{A69BCACC-26B5-48B0-8ABC-3F51CDAD7C3B}"
EndProject
Project("{FAE04EC0-301F-11D3-BF4B-00C04F79EFBC}") = "SorteadorAmigoOculto.Interfaces", "SorteadorAmigoOculto.Interfaces\SorteadorAmigoOculto.Interfaces.csproj", "{0E41C00A-00D9-4767-BEAF-C69E0C941661}"
EndProject
Project("{FAE04EC0-301F-11D3-BF4B-00C04F79EFBC}") = "SorteadorAmigoOculto.Tests", "SorteadorAmigoOculto.Tests\SorteadorAmigoOculto.Tests.csproj", "{F832044E-9084-45C6-901F-B059ECEED6FB}"
EndProject
Project("{FAE04EC0-301F-11D3-BF4B-00C04F79EFBC}") = "SorteadorAmigoOculto.Business", "SorteadorAmigoOculto.Business\SorteadorAmigoOculto.Business.csproj", "{42DDAAF9-0EEA-44D2-82A6-871B779C9EA4}"
EndProject
Project("{FAE04EC0-301F-11D3-BF4B-00C04F79EFBC}") = "SorteadorAmigoOculto.Kernel", "SorteadorAmigoOculto.Kernel\SorteadorAmigoOculto.Kernel.csproj", "{1C598EFA-5D9B-4269-AD76-778721DAE600}"
EndProject
Global
	GlobalSection(SolutionConfigurationPlatforms) = preSolution
		Debug|Any CPU = Debug|Any CPU
		Debug|x64 = Debug|x64
		Debug|x86 = Debug|x86
		Release|Any CPU = Release|Any CPU
		Release|x64 = Release|x64
		Release|x86 = Release|x86
	EndGlobalSection
	GlobalSection(SolutionProperties) = preSolution
		HideSolutionNode = FALSE
	EndGlobalSection
	GlobalSection(ProjectConfigurationPlatforms) = postSolution
		{A69BCACC-26B5-48B0-8ABC-3F51CDAD7C3B}.Debug|Any CPU.ActiveCfg = Debug|Any CPU
		{A69BCACC-26B5-48B0-8ABC-3F51CDAD7C3B}.Debug|Any CPU.Build.0 = Debug|Any CPU
		{A69BCACC-26B5-48B0-8ABC-3F51CDAD7C3B}.Debug|x64.ActiveCfg = Debug|Any CPU
		{A69BCACC-26B5-48B0-8ABC-3F51CDAD7C3B}.Debug|x64.Build.0 = Debug|Any CPU
		{A69BCACC-26B5-48B0-8ABC-3F51CDAD7C3B}.Debug|x86.ActiveCfg = Debug|Any CPU
		{A69BCACC-26B5-48B0-8ABC-3F51CDAD7C3B}.Debug|x86.Build.0 = Debug|Any CPU
		{A69BCACC-26B5-48B0-8ABC-3F51CDAD7C3B}.Release|Any CPU.ActiveCfg = Release|Any CPU
		{A69BCACC-26B5-48B0-8ABC-3F51CDAD7C3B}.Release|Any CPU.Build.0 = Release|Any CPU
		{A69BCACC-26B5-48B0-8ABC-3F51CDAD7C3B}.Release|x64.ActiveCfg = Release|Any CPU
		{A69BCACC-26B5-48B0-8ABC-3F51CDAD7C3B}.Release|x64.Build.0 = Release|Any CPU
		{A69BCACC-26B5-48B0-8ABC-3F51CDAD7C3B}.Release|x86.ActiveCfg = Release|Any CPU
		{A69BCACC-26B5-48B0-8ABC-3F51CDAD7C3B}.Release|x86.Build.0 = Release|Any CPU
		{0E41C00A-00D9-4767-BEAF-C69E0C941661}.Debug|Any CPU.ActiveCfg = Debug|Any CPU
		{0E41C00A-00D9-4767-BEAF-C69E0C941661}.Debug|Any CPU.Build.0 = Debug|Any CPU
		{0E41C00A-00D9-4767-BEAF-C69E0C941661}.Debug|x64.ActiveCfg = Debug|Any CPU
		{0E41C00A-00D9-4767-BEAF-C69E0C941661}.Debug|x64.Build.0 = Debug|Any CPU
		{0E41C00A-00D9-4767-BEAF-C69E0C941661}.Debug|x86.ActiveCfg = Debug|Any CPU
		{0E41C00A-00D9-4767-BEAF-C69E0C941661}.Debug|x86.Build.0 = Debug|Any CPU
		{0E41C00A-00D9-4767-BEAF-C69E0C941661}.Release|Any CPU.ActiveCfg = Release|Any CPU
		{0E41C00A-00D9-4767-BEAF-C69E0C941661}.Release|Any CPU.Build.0 = Release|Any CPU
		{0E41C00A-00D9-4767-BEAF-C69E0C941661}.Release|x64.ActiveCfg = Release|Any CPU
		{0E41C00A-00D9-4767-BEAF-C69E0C941661}.Release|x64.Build.0 = Release|Any CPU
		{0E41C00A-00D9-4767-BEAF-C69E0C941661}.Release|x86.ActiveCfg = Release|Any CPU
		{0E41C00A-00D9-4767-BEAF-C69E0C941661}.Release|x86.Build.0 = Release|Any CPU
		{F832044E-9084-45C6-901F-B059ECEED6FB}.Debug|Any CPU.ActiveCfg = Debug|Any CPU
		{F832044E-9084-45C6-901F-B059ECEED6FB}.Debug|Any CPU.Build.0 = Debug|Any CPU
		{F832044E-9084-45C6-901F-B059ECEED6FB}.Debug|x64.ActiveCfg = Debug|Any CPU
		{F832044E-9084-45C6-901F-B059ECEED6FB}.Debug|x64.Build.0 = Debug|Any CPU
		{F832044E-9084-45C6-901F-B059ECEED6FB}.Debug|x86.ActiveCfg = Debug|Any CPU
		{F832044E-9084-45C6-901F-B059ECEED6FB}.Debug|x86.Build.0 = Debug|Any CPU
		{F832044E-9084-45C6-901F-B059ECEED6FB}.Release|Any CPU.ActiveCfg = Release|Any CPU
		{F832044E-9084-45C6-901F-B059ECEED6FB}.Release|Any CPU.Build.0 = Release|Any CPU
		{F832044E-9084-45C6-901F-B059ECEED6FB}.Release|x64.ActiveCfg = Release|Any CPU
		{F832044E-9084-45C6-901F-B059ECEED6FB}.Release|x64.Build.0 = Release|Any CPU
		{F832044E-9084-45C6-901F-B059ECEED6FB}.Release|x86.ActiveCfg = Release|Any CPU
		{F832044E-9084-45C6-901F-B059ECEED6FB}.Release|x86.Build.0 = Release|Any CPU
		{42DDAAF9-0EEA-44D2-82A6-871B779C9EA4}.Debug|Any CPU.ActiveCfg = Debug|Any CPU
		{42DDAAF9-0EEA-44D2-82A6-871B779C9EA4}.Debug|Any CPU.Build.0 = Debug|Any CPU
		{42DDAAF9-0EEA-44D2-82A6-871B779C9EA4}.Debug|x64.ActiveCfg = Debug|Any CPU
		{42DDAAF9-0EEA-44D2-82A6-871B779C9EA4}.Debug|x64.Build.0 = Debug|Any CPU
		{42DDAAF9-0EEA-44D2-82A6-871B779C9EA4}.Debug|x86.ActiveCfg = Debug|Any CPU
		{42DDAAF9-0EEA-44D2-82A6-871B779C9EA4}.Debug|x86.Build.0 = Debug|Any CPU
		{42DDAAF9-0EEA-44D2-82A6-871B779C9EA4}.Release|Any CPU.ActiveCfg = Release|Any CPU
		{42DDAAF9-0EEA-44D2-82A6-871B779C9EA4}.Release|Any CPU.Build.0 = Release|Any CPU
		{42DDAAF9-0EEA-44D2-82A6-871B779C9EA4}.Release|x64.ActiveCfg = Release|Any CPU
		{42DDAAF9-0EEA-44D2-82A6-871B779C9EA4}.Release|x64.Build.0 = Release|Any CPU
		{42DDAAF9-0EEA-44D2-82A6-871B779C9EA4}.Release|x86.ActiveCfg = Release|Any CPU
		{42DDAAF9-0EEA-44D2-82A6-871B779C9EA4}.Release|x86.Build.0 = Release|Any CPU
		{1C598EFA-5D9B-4269-AD76-778721DAE600}.Debug|Any CPU.ActiveCfg = Debug|Any CPU
		{1C598EFA-5D9B-4269-AD76-778721DAE600}.Debug|Any CPU.Build.0 = Debug|Any CPU
		{1C598EFA-5D9B-4269-AD76-778721DAE600}.Debug|x64.ActiveCfg = Debug|Any CPU
		{1C598EFA-5D9B-4269-AD76-778721DAE600}.Debug|x64.Build.0 = Debug|Any CPU
		{1C598EFA-5D9B-4269-AD76-778721DAE600}.Debug|x86.ActiveCfg = Debug|Any CPU
		{1C598EFA-5D9B-4269-AD76-778721DAE600}.Debug|x86.Build.0 = Debug|Any CPU
		{1C598EFA-5D9B-4269-AD76-778721DAE600}.Release|Any CPU.ActiveCfg = Release|Any CPU
		{1C598EFA-5D9B-4269-AD76-778721DAE600}.Release|Any CPU.Build.0 = Release|Any CPU
		{1C598EFA-5D9B-4269-AD76-778721DAE600}.Release|x64.ActiveCfg = Release|Any CPU
		{1C598EFA-5D9B-4269-AD76-778721DAE600}.Release|x64.Build.0 = Release|Any CPU
		{1C598EFA-5D9B-4269-AD76-778721DAE600}.Release|x86.ActiveCfg = Release|Any CPU
		{1C598EFA-5D9B-4269-AD76-778721DAE600}.Release|x86.Build.0 = Release|Any CPU
	EndGlobalSection
EndGlobal
